
Microsoft Visual Studio Solution File, Format Version 12.00
# Visual Studio Version 17
VisualStudioVersion = 17.1.32414.318
MinimumVisualStudioVersion = 10.0.40219.1
Project("{9A19103F-16F7-4668-BE54-9A1E7A4F7556}") = "PFG_BlazorServer", "PFG_BlazorServer\PFG_BlazorServer.csproj", "{2919CFF2-94F3-45DD-AC11-7A903C29E702}"
EndProject
Project("{9A19103F-16F7-4668-BE54-9A1E7A4F7556}") = "PFG_BlazorServer.Models", "PFG_BlazorServer.Models\PFG_BlazorServer.Models.csproj", "{D0D18F82-ACD0-4D58-9D87-F5B9F8ADF1F6}"
EndProject
Global
	GlobalSection(SolutionConfigurationPlatforms) = preSolution
		Debug|Any CPU = Debug|Any CPU
		Release|Any CPU = Release|Any CPU
	EndGlobalSection
	GlobalSection(ProjectConfigurationPlatforms) = postSolution
		{2919CFF2-94F3-45DD-AC11-7A903C29E702}.Debug|Any CPU.ActiveCfg = Debug|Any CPU
		{2919CFF2-94F3-45DD-AC11-7A903C29E702}.Debug|Any CPU.Build.0 = Debug|Any CPU
		{2919CFF2-94F3-45DD-AC11-7A903C29E702}.Release|Any CPU.ActiveCfg = Release|Any CPU
		{2919CFF2-94F3-45DD-AC11-7A903C29E702}.Release|Any CPU.Build.0 = Release|Any CPU
		{D0D18F82-ACD0-4D58-9D87-F5B9F8ADF1F6}.Debug|Any CPU.ActiveCfg = Debug|Any CPU
		{D0D18F82-ACD0-4D58-9D87-F5B9F8ADF1F6}.Debug|Any CPU.Build.0 = Debug|Any CPU
		{D0D18F82-ACD0-4D58-9D87-F5B9F8ADF1F6}.Release|Any CPU.ActiveCfg = Release|Any CPU
		{D0D18F82-ACD0-4D58-9D87-F5B9F8ADF1F6}.Release|Any CPU.Build.0 = Release|Any CPU
	EndGlobalSection
	GlobalSection(SolutionProperties) = preSolution
		HideSolutionNode = FALSE
	EndGlobalSection
	GlobalSection(ExtensibilityGlobals) = postSolution
		SolutionGuid = {65FF7CE3-8D8B-4201-A5A7-52A706AB93DF}
	EndGlobalSection
EndGlobal
